# THIS IS AN AUTOGENERATED FILE. DO NOT EDIT THIS FILE DIRECTLY.
# yarn lockfile v1


"@types/node@^8.0.15":
  version "8.10.17"
  resolved "http://registry.npm.taobao.org/@types/node/download/@types/node-8.10.17.tgz#d48cf10f0dc6dcf59f827f5a3fc7a4a6004318d3"

acorn@^5.0.3:
  version "5.5.3"
  resolved "http://registry.npm.taobao.org/acorn/download/acorn-5.5.3.tgz#f473dd47e0277a08e28e9bec5aeeb04751f0b8c9"

ansi-align@^2.0.0:
  version "2.0.0"
  resolved "http://registry.npm.taobao.org/ansi-align/download/ansi-align-2.0.0.tgz#c36aeccba563b89ceb556f3690f0b1d9e3547f7f"
  dependencies:
    string-width "^2.0.0"

ansi-regex@^3.0.0:
  version "3.0.0"
  resolved "http://registry.npm.taobao.org/ansi-regex/download/ansi-regex-3.0.0.tgz#ed0317c322064f79466c02966bddb605ab37d998"

ansi-styles@^3.2.1:
  version "3.2.1"
  resolved "http://registry.npm.taobao.org/ansi-styles/download/ansi-styles-3.2.1.tgz#41fbb20243e50b12be0f04b8dedbf07520ce841d"
  dependencies:
    color-convert "^1.9.0"

art-template@^4.12.2:
  version "4.12.2"
  resolved "http://registry.npm.taobao.org/art-template/download/art-template-4.12.2.tgz#a41eb82d9679bbd1c73f1f838ff46e8eb0612565"
  dependencies:
    acorn "^5.0.3"
    detect-node "^2.0.3"
    escodegen "^1.8.1"
    estraverse "^4.2.0"
    html-minifier "^3.4.3"
    is-keyword-js "^1.0.3"
    js-tokens "^3.0.1"
    merge-source-map "^1.0.3"
    source-map "^0.5.6"

async-limiter@~1.0.0:
  version "1.0.0"
  resolved "http://registry.npm.taobao.org/async-limiter/download/async-limiter-1.0.0.tgz#78faed8c3d074ab81f22b4e985d79e8738f720f8"

babel-polyfill@^6.23.0:
  version "6.26.0"
  resolved "http://registry.npm.taobao.org/babel-polyfill/download/babel-polyfill-6.26.0.tgz#379937abc67d7895970adc621f284cd966cf2153"
  dependencies:
    babel-runtime "^6.26.0"
    core-js "^2.5.0"
    regenerator-runtime "^0.10.5"

babel-runtime@^6.26.0:
  version "6.26.0"
  resolved "http://registry.npm.taobao.org/babel-runtime/download/babel-runtime-6.26.0.tgz#965c7058668e82b55d7bfe04ff2337bc8b5647fe"
  dependencies:
    core-js "^2.4.0"
    regenerator-runtime "^0.11.0"

boxen@^1.2.1:
  version "1.3.0"
  resolved "http://registry.npm.taobao.org/boxen/download/boxen-1.3.0.tgz#55c6c39a8ba58d9c61ad22cd877532deb665a20b"
  dependencies:
    ansi-align "^2.0.0"
    camelcase "^4.0.0"
    chalk "^2.0.1"
    cli-boxes "^1.0.0"
    string-width "^2.0.0"
    term-size "^1.2.0"
    widest-line "^2.0.0"

camel-case@3.0.x:
  version "3.0.0"
  resolved "http://registry.npm.taobao.org/camel-case/download/camel-case-3.0.0.tgz#ca3c3688a4e9cf3a4cda777dc4dcbc713249cf73"
  dependencies:
    no-case "^2.2.0"
    upper-case "^1.1.1"

camelcase@^4.0.0:
  version "4.1.0"
  resolved "http://registry.npm.taobao.org/camelcase/download/camelcase-4.1.0.tgz#d545635be1e33c542649c69173e5de6acfae34dd"

capture-stack-trace@^1.0.0:
  version "1.0.0"
  resolved "http://registry.npm.taobao.org/capture-stack-trace/download/capture-stack-trace-1.0.0.tgz#4a6fa07399c26bba47f0b2496b4d0fb408c5550d"

chalk@^2.0.1:
  version "2.4.1"
  resolved "http://registry.npm.taobao.org/chalk/download/chalk-2.4.1.tgz#18c49ab16a037b6eb0152cc83e3471338215b66e"
  dependencies:
    ansi-styles "^3.2.1"
    escape-string-regexp "^1.0.5"
    supports-color "^5.3.0"

chrome-headless-render-pdf@^1.7.1:
  version "1.7.1"
  resolved "http://registry.npm.taobao.org/chrome-headless-render-pdf/download/chrome-headless-render-pdf-1.7.1.tgz#3077100878fc3a6b2ce365cdb59c9470651052ad"
  dependencies:
    "@types/node" "^8.0.15"
    babel-polyfill "^6.23.0"
    chrome-remote-interface "^0.25.5"
    command-exists "^1.2.2"
    minimist "^1.2.0"
    update-notifier "^2.1.0"

chrome-remote-interface@^0.25.5:
  version "0.25.6"
  resolved "http://registry.npm.taobao.org/chrome-remote-interface/download/chrome-remote-interface-0.25.6.tgz#172bc82d87091a2ae90711a7b6c940da64ce32ef"
  dependencies:
    commander "2.11.x"
    ws "3.3.x"

ci-info@^1.0.0:
  version "1.1.3"
  resolved "http://registry.npm.taobao.org/ci-info/download/ci-info-1.1.3.tgz#710193264bb05c77b8c90d02f5aaf22216a667b2"

clean-css@4.1.x:
  version "4.1.11"
  resolved "http://registry.npm.taobao.org/clean-css/download/clean-css-4.1.11.tgz#2ecdf145aba38f54740f26cefd0ff3e03e125d6a"
  dependencies:
    source-map "0.5.x"

cli-boxes@^1.0.0:
  version "1.0.0"
  resolved "http://registry.npm.taobao.org/cli-boxes/download/cli-boxes-1.0.0.tgz#4fa917c3e59c94a004cd61f8ee509da651687143"

color-convert@^1.9.0:
  version "1.9.1"
  resolved "http://registry.npm.taobao.org/color-convert/download/color-convert-1.9.1.tgz#c1261107aeb2f294ebffec9ed9ecad529a6097ed"
  dependencies:
    color-name "^1.1.1"

color-name@^1.1.1:
  version "1.1.3"
  resolved "http://registry.npm.taobao.org/color-name/download/color-name-1.1.3.tgz#a7d0558bd89c42f795dd42328f740831ca53bc25"

command-exists@^1.2.2:
  version "1.2.6"
  resolved "http://registry.npm.taobao.org/command-exists/download/command-exists-1.2.6.tgz#577f8e5feb0cb0f159cd557a51a9be1bdd76e09e"

commander@2.11.x:
  version "2.11.0"
  resolved "http://registry.npm.taobao.org/commander/download/commander-2.11.0.tgz#157152fd1e7a6c8d98a5b715cf376df928004563"

commander@2.15.x, commander@~2.15.0:
  version "2.15.1"
  resolved "http://registry.npm.taobao.org/commander/download/commander-2.15.1.tgz#df46e867d0fc2aec66a34662b406a9ccafff5b0f"

configstore@^3.0.0:
  version "3.1.2"
  resolved "http://registry.npm.taobao.org/configstore/download/configstore-3.1.2.tgz#c6f25defaeef26df12dd33414b001fe81a543f8f"
  dependencies:
    dot-prop "^4.1.0"
    graceful-fs "^4.1.2"
    make-dir "^1.0.0"
    unique-string "^1.0.0"
    write-file-atomic "^2.0.0"
    xdg-basedir "^3.0.0"

core-js@^2.4.0, core-js@^2.5.0:
  version "2.5.6"
  resolved "http://registry.npm.taobao.org/core-js/download/core-js-2.5.6.tgz#0fe6d45bf3cac3ac364a9d72de7576f4eb221b9d"

create-error-class@^3.0.0:
  version "3.0.2"
  resolved "http://registry.npm.taobao.org/create-error-class/download/create-error-class-3.0.2.tgz#06be7abef947a3f14a30fd610671d401bca8b7b6"
  dependencies:
    capture-stack-trace "^1.0.0"

cross-spawn@^5.0.1:
  version "5.1.0"
  resolved "http://registry.npm.taobao.org/cross-spawn/download/cross-spawn-5.1.0.tgz#e8bd0efee58fcff6f8f94510a0a554bbfa235449"
  dependencies:
    lru-cache "^4.0.1"
    shebang-command "^1.2.0"
    which "^1.2.9"

crypto-random-string@^1.0.0:
  version "1.0.0"
  resolved "http://registry.npm.taobao.org/crypto-random-string/download/crypto-random-string-1.0.0.tgz#a230f64f568310e1498009940790ec99545bca7e"

deep-extend@^0.5.1:
  version "0.5.1"
  resolved "http://registry.npm.taobao.org/deep-extend/download/deep-extend-0.5.1.tgz#b894a9dd90d3023fbf1c55a394fb858eb2066f1f"

deep-is@~0.1.3:
  version "0.1.3"
  resolved "http://registry.npm.taobao.org/deep-is/download/deep-is-0.1.3.tgz#b369d6fb5dbc13eecf524f91b070feedc357cf34"

detect-node@^2.0.3:
  version "2.0.3"
  resolved "http://registry.npm.taobao.org/detect-node/download/detect-node-2.0.3.tgz#a2033c09cc8e158d37748fbde7507832bd6ce127"

dot-prop@^4.1.0:
  version "4.2.0"
  resolved "http://registry.npm.taobao.org/dot-prop/download/dot-prop-4.2.0.tgz#1f19e0c2e1aa0e32797c49799f2837ac6af69c57"
  dependencies:
    is-obj "^1.0.0"

duplexer3@^0.1.4:
  version "0.1.4"
  resolved "http://registry.npm.taobao.org/duplexer3/download/duplexer3-0.1.4.tgz#ee01dd1cac0ed3cbc7fdbea37dc0a8f1ce002ce2"

escape-string-regexp@^1.0.5:
  version "1.0.5"
  resolved "http://registry.npm.taobao.org/escape-string-regexp/download/escape-string-regexp-1.0.5.tgz#1b61c0562190a8dff6ae3bb2cf0200ca130b86d4"

escodegen@^1.8.1:
  version "1.9.1"
  resolved "http://registry.npm.taobao.org/escodegen/download/escodegen-1.9.1.tgz#dbae17ef96c8e4bedb1356f4504fa4cc2f7cb7e2"
  dependencies:
    esprima "^3.1.3"
    estraverse "^4.2.0"
    esutils "^2.0.2"
    optionator "^0.8.1"
  optionalDependencies:
    source-map "~0.6.1"

esprima@^3.1.3:
  version "3.1.3"
  resolved "http://registry.npm.taobao.org/esprima/download/esprima-3.1.3.tgz#fdca51cee6133895e3c88d535ce49dbff62a4633"

estraverse@^4.2.0:
  version "4.2.0"
  resolved "http://registry.npm.taobao.org/estraverse/download/estraverse-4.2.0.tgz#0dee3fed31fcd469618ce7342099fc1afa0bdb13"

esutils@^2.0.2:
  version "2.0.2"
  resolved "http://registry.npm.taobao.org/esutils/download/esutils-2.0.2.tgz#0abf4f1caa5bcb1f7a9d8acc6dea4faaa04bac9b"

execa@^0.7.0:
  version "0.7.0"
  resolved "http://registry.npm.taobao.org/execa/download/execa-0.7.0.tgz#944becd34cc41ee32a63a9faf27ad5a65fc59777"
  dependencies:
    cross-spawn "^5.0.1"
    get-stream "^3.0.0"
    is-stream "^1.1.0"
    npm-run-path "^2.0.0"
    p-finally "^1.0.0"
    signal-exit "^3.0.0"
    strip-eof "^1.0.0"

fast-levenshtein@~2.0.4:
  version "2.0.6"
  resolved "http://registry.npm.taobao.org/fast-levenshtein/download/fast-levenshtein-2.0.6.tgz#3d8a5c66883a16a30ca8643e851f19baa7797917"

get-stream@^3.0.0:
  version "3.0.0"
  resolved "http://registry.npm.taobao.org/get-stream/download/get-stream-3.0.0.tgz#8e943d1358dc37555054ecbe2edb05aa174ede14"

global-dirs@^0.1.0:
  version "0.1.1"
  resolved "http://registry.npm.taobao.org/global-dirs/download/global-dirs-0.1.1.tgz#b319c0dd4607f353f3be9cca4c72fc148c49f445"
  dependencies:
    ini "^1.3.4"

got@^6.7.1:
  version "6.7.1"
  resolved "http://registry.npm.taobao.org/got/download/got-6.7.1.tgz#240cd05785a9a18e561dc1b44b41c763ef1e8db0"
  dependencies:
    create-error-class "^3.0.0"
    duplexer3 "^0.1.4"
    get-stream "^3.0.0"
    is-redirect "^1.0.0"
    is-retry-allowed "^1.0.0"
    is-stream "^1.0.0"
    lowercase-keys "^1.0.0"
    safe-buffer "^5.0.1"
    timed-out "^4.0.0"
    unzip-response "^2.0.1"
    url-parse-lax "^1.0.0"

graceful-fs@^4.1.11, graceful-fs@^4.1.2:
  version "4.1.11"
  resolved "http://registry.npm.taobao.org/graceful-fs/download/graceful-fs-4.1.11.tgz#0e8bdfe4d1ddb8854d64e04ea7c00e2a026e5658"

has-flag@^3.0.0:
  version "3.0.0"
  resolved "http://registry.npm.taobao.org/has-flag/download/has-flag-3.0.0.tgz#b5d454dc2199ae225699f3467e5a07f3b955bafd"

he@1.1.x:
  version "1.1.1"
  resolved "http://registry.npm.taobao.org/he/download/he-1.1.1.tgz#93410fd21b009735151f8868c2f271f3427e23fd"

html-minifier@^3.4.3:
  version "3.5.15"
  resolved "http://registry.npm.taobao.org/html-minifier/download/html-minifier-3.5.15.tgz#f869848d4543cbfd84f26d5514a2a87cbf9a05e0"
  dependencies:
    camel-case "3.0.x"
    clean-css "4.1.x"
    commander "2.15.x"
    he "1.1.x"
    param-case "2.1.x"
    relateurl "0.2.x"
    uglify-js "3.3.x"

import-lazy@^2.1.0:
  version "2.1.0"
  resolved "http://registry.npm.taobao.org/import-lazy/download/import-lazy-2.1.0.tgz#05698e3d45c88e8d7e9d92cb0584e77f096f3e43"

imurmurhash@^0.1.4:
  version "0.1.4"
  resolved "http://registry.npm.taobao.org/imurmurhash/download/imurmurhash-0.1.4.tgz#9218b9b2b928a238b13dc4fb6b6d576f231453ea"

ini@^1.3.4, ini@~1.3.0:
  version "1.3.5"
  resolved "http://registry.npm.taobao.org/ini/download/ini-1.3.5.tgz#eee25f56db1c9ec6085e0c22778083f596abf927"

is-ci@^1.0.10:
  version "1.1.0"
  resolved "http://registry.npm.taobao.org/is-ci/download/is-ci-1.1.0.tgz#247e4162e7860cebbdaf30b774d6b0ac7dcfe7a5"
  dependencies:
    ci-info "^1.0.0"

is-fullwidth-code-point@^2.0.0:
  version "2.0.0"
  resolved "http://registry.npm.taobao.org/is-fullwidth-code-point/download/is-fullwidth-code-point-2.0.0.tgz#a3b30a5c4f199183167aaab93beefae3ddfb654f"

is-installed-globally@^0.1.0:
  version "0.1.0"
  resolved "http://registry.npm.taobao.org/is-installed-globally/download/is-installed-globally-0.1.0.tgz#0dfd98f5a9111716dd535dda6492f67bf3d25a80"
  dependencies:
    global-dirs "^0.1.0"
    is-path-inside "^1.0.0"

is-keyword-js@^1.0.3:
  version "1.0.3"
  resolved "http://registry.npm.taobao.org/is-keyword-js/download/is-keyword-js-1.0.3.tgz#ac30dcf35b671f4b27b17f5cb57235126021132d"

is-npm@^1.0.0:
  version "1.0.0"
  resolved "http://registry.npm.taobao.org/is-npm/download/is-npm-1.0.0.tgz#f2fb63a65e4905b406c86072765a1a4dc793b9f4"

is-obj@^1.0.0:
  version "1.0.1"
  resolved "http://registry.npm.taobao.org/is-obj/download/is-obj-1.0.1.tgz#3e4729ac1f5fde025cd7d83a896dab9f4f67db0f"

is-path-inside@^1.0.0:
  version "1.0.1"
  resolved "http://registry.npm.taobao.org/is-path-inside/download/is-path-inside-1.0.1.tgz#8ef5b7de50437a3fdca6b4e865ef7aa55cb48036"
  dependencies:
    path-is-inside "^1.0.1"

is-redirect@^1.0.0:
  version "1.0.0"
  resolved "http://registry.npm.taobao.org/is-redirect/download/is-redirect-1.0.0.tgz#1d03dded53bd8db0f30c26e4f95d36fc7c87dc24"

is-retry-allowed@^1.0.0:
  version "1.1.0"
  resolved "http://registry.npm.taobao.org/is-retry-allowed/download/is-retry-allowed-1.1.0.tgz#11a060568b67339444033d0125a61a20d564fb34"

is-stream@^1.0.0, is-stream@^1.1.0:
  version "1.1.0"
  resolved "http://registry.npm.taobao.org/is-stream/download/is-stream-1.1.0.tgz#12d4a3dd4e68e0b79ceb8dbc84173ae80d91ca44"

isexe@^2.0.0:
  version "2.0.0"
  resolved "http://registry.npm.taobao.org/isexe/download/isexe-2.0.0.tgz#e8fbf374dc556ff8947a10dcb0572d633f2cfa10"

js-tokens@^3.0.1:
  version "3.0.2"
  resolved "http://registry.npm.taobao.org/js-tokens/download/js-tokens-3.0.2.tgz#9866df395102130e38f7f996bceb65443209c25b"

latest-version@^3.0.0:
  version "3.1.0"
  resolved "http://registry.npm.taobao.org/latest-version/download/latest-version-3.1.0.tgz#a205383fea322b33b5ae3b18abee0dc2f356ee15"
  dependencies:
    package-json "^4.0.0"

levn@~0.3.0:
  version "0.3.0"
  resolved "http://registry.npm.taobao.org/levn/download/levn-0.3.0.tgz#3b09924edf9f083c0490fdd4c0bc4421e04764ee"
  dependencies:
    prelude-ls "~1.1.2"
    type-check "~0.3.2"

lower-case@^1.1.1:
  version "1.1.4"
  resolved "http://registry.npm.taobao.org/lower-case/download/lower-case-1.1.4.tgz#9a2cabd1b9e8e0ae993a4bf7d5875c39c42e8eac"

lowercase-keys@^1.0.0:
  version "1.0.1"
  resolved "http://registry.npm.taobao.org/lowercase-keys/download/lowercase-keys-1.0.1.tgz#6f9e30b47084d971a7c820ff15a6c5167b74c26f"

lru-cache@^4.0.1:
  version "4.1.3"
  resolved "http://registry.npm.taobao.org/lru-cache/download/lru-cache-4.1.3.tgz#a1175cf3496dfc8436c156c334b4955992bce69c"
  dependencies:
    pseudomap "^1.0.2"
    yallist "^2.1.2"

make-dir@^1.0.0:
  version "1.3.0"
  resolved "http://registry.npm.taobao.org/make-dir/download/make-dir-1.3.0.tgz#79c1033b80515bd6d24ec9933e860ca75ee27f0c"
  dependencies:
    pify "^3.0.0"

merge-source-map@^1.0.3:
  version "1.1.0"
  resolved "http://registry.npm.taobao.org/merge-source-map/download/merge-source-map-1.1.0.tgz#2fdde7e6020939f70906a68f2d7ae685e4c8c646"
  dependencies:
    source-map "^0.6.1"

minimist@^1.2.0:
  version "1.2.0"
  resolved "http://registry.npm.taobao.org/minimist/download/minimist-1.2.0.tgz#a35008b20f41383eec1fb914f4cd5df79a264284"

no-case@^2.2.0:
  version "2.3.2"
  resolved "http://registry.npm.taobao.org/no-case/download/no-case-2.3.2.tgz#60b813396be39b3f1288a4c1ed5d1e7d28b464ac"
  dependencies:
    lower-case "^1.1.1"

npm-run-path@^2.0.0:
  version "2.0.2"
  resolved "http://registry.npm.taobao.org/npm-run-path/download/npm-run-path-2.0.2.tgz#35a9232dfa35d7067b4cb2ddf2357b1871536c5f"
  dependencies:
    path-key "^2.0.0"

optionator@^0.8.1:
  version "0.8.2"
  resolved "http://registry.npm.taobao.org/optionator/download/optionator-0.8.2.tgz#364c5e409d3f4d6301d6c0b4c05bba50180aeb64"
  dependencies:
    deep-is "~0.1.3"
    fast-levenshtein "~2.0.4"
    levn "~0.3.0"
    prelude-ls "~1.1.2"
    type-check "~0.3.2"
    wordwrap "~1.0.0"

p-finally@^1.0.0:
  version "1.0.0"
  resolved "http://registry.npm.taobao.org/p-finally/download/p-finally-1.0.0.tgz#3fbcfb15b899a44123b34b6dcc18b724336a2cae"

package-json@^4.0.0:
  version "4.0.1"
  resolved "http://registry.npm.taobao.org/package-json/download/package-json-4.0.1.tgz#8869a0401253661c4c4ca3da6c2121ed555f5eed"
  dependencies:
    got "^6.7.1"
    registry-auth-token "^3.0.1"
    registry-url "^3.0.3"
    semver "^5.1.0"

param-case@2.1.x:
  version "2.1.1"
  resolved "http://registry.npm.taobao.org/param-case/download/param-case-2.1.1.tgz#df94fd8cf6531ecf75e6bef9a0858fbc72be2247"
  dependencies:
    no-case "^2.2.0"

path-is-inside@^1.0.1:
  version "1.0.2"
  resolved "http://registry.npm.taobao.org/path-is-inside/download/path-is-inside-1.0.2.tgz#365417dede44430d1c11af61027facf074bdfc53"

path-key@^2.0.0:
  version "2.0.1"
  resolved "http://registry.npm.taobao.org/path-key/download/path-key-2.0.1.tgz#411cadb574c5a140d3a4b1910d40d80cc9f40b40"

pify@^3.0.0:
  version "3.0.0"
  resolved "http://registry.npm.taobao.org/pify/download/pify-3.0.0.tgz#e5a4acd2c101fdf3d9a4d07f0dbc4db49dd28176"

prelude-ls@~1.1.2:
  version "1.1.2"
  resolved "http://registry.npm.taobao.org/prelude-ls/download/prelude-ls-1.1.2.tgz#21932a549f5e52ffd9a827f570e04be62a97da54"

prepend-http@^1.0.1:
  version "1.0.4"
  resolved "http://registry.npm.taobao.org/prepend-http/download/prepend-http-1.0.4.tgz#d4f4562b0ce3696e41ac52d0e002e57a635dc6dc"

pseudomap@^1.0.2:
  version "1.0.2"
  resolved "http://registry.npm.taobao.org/pseudomap/download/pseudomap-1.0.2.tgz#f052a28da70e618917ef0a8ac34c1ae5a68286b3"

rc@^1.0.1, rc@^1.1.6:
  version "1.2.7"
  resolved "http://registry.npm.taobao.org/rc/download/rc-1.2.7.tgz#8a10ca30d588d00464360372b890d06dacd02297"
  dependencies:
    deep-extend "^0.5.1"
    ini "~1.3.0"
    minimist "^1.2.0"
    strip-json-comments "~2.0.1"

regenerator-runtime@^0.10.5:
  version "0.10.5"
  resolved "http://registry.npm.taobao.org/regenerator-runtime/download/regenerator-runtime-0.10.5.tgz#336c3efc1220adcedda2c9fab67b5a7955a33658"

regenerator-runtime@^0.11.0:
  version "0.11.1"
  resolved "http://registry.npm.taobao.org/regenerator-runtime/download/regenerator-runtime-0.11.1.tgz#be05ad7f9bf7d22e056f9726cee5017fbf19e2e9"

registry-auth-token@^3.0.1:
  version "3.3.2"
  resolved "http://registry.npm.taobao.org/registry-auth-token/download/registry-auth-token-3.3.2.tgz#851fd49038eecb586911115af845260eec983f20"
  dependencies:
    rc "^1.1.6"
    safe-buffer "^5.0.1"

registry-url@^3.0.3:
  version "3.1.0"
  resolved "http://registry.npm.taobao.org/registry-url/download/registry-url-3.1.0.tgz#3d4ef870f73dde1d77f0cf9a381432444e174942"
  dependencies:
    rc "^1.0.1"

relateurl@0.2.x:
  version "0.2.7"
  resolved "http://registry.npm.taobao.org/relateurl/download/relateurl-0.2.7.tgz#54dbf377e51440aca90a4cd274600d3ff2d888a9"

safe-buffer@^5.0.1, safe-buffer@~5.1.0:
  version "5.1.2"
  resolved "http://registry.npm.taobao.org/safe-buffer/download/safe-buffer-5.1.2.tgz#991ec69d296e0313747d59bdfd2b745c35f8828d"

semver-diff@^2.0.0:
  version "2.1.0"
  resolved "http://registry.npm.taobao.org/semver-diff/download/semver-diff-2.1.0.tgz#4bbb8437c8d37e4b0cf1a68fd726ec6d645d6d36"
  dependencies:
    semver "^5.0.3"

semver@^5.0.3, semver@^5.1.0:
  version "5.5.0"
  resolved "http://registry.npm.taobao.org/semver/download/semver-5.5.0.tgz#dc4bbc7a6ca9d916dee5d43516f0092b58f7b8ab"

shebang-command@^1.2.0:
  version "1.2.0"
  resolved "http://registry.npm.taobao.org/shebang-command/download/shebang-command-1.2.0.tgz#44aac65b695b03398968c39f363fee5deafdf1ea"
  dependencies:
    shebang-regex "^1.0.0"

shebang-regex@^1.0.0:
  version "1.0.0"
  resolved "http://registry.npm.taobao.org/shebang-regex/download/shebang-regex-1.0.0.tgz#da42f49740c0b42db2ca9728571cb190c98efea3"

signal-exit@^3.0.0, signal-exit@^3.0.2:
  version "3.0.2"
  resolved "http://registry.npm.taobao.org/signal-exit/download/signal-exit-3.0.2.tgz#b5fdc08f1287ea1178628e415e25132b73646c6d"

source-map@0.5.x, source-map@^0.5.6:
  version "0.5.7"
  resolved "http://registry.npm.taobao.org/source-map/download/source-map-0.5.7.tgz#8a039d2d1021d22d1ea14c80d8ea468ba2ef3fcc"

source-map@^0.6.1, source-map@~0.6.1:
  version "0.6.1"
  resolved "http://registry.npm.taobao.org/source-map/download/source-map-0.6.1.tgz#74722af32e9614e9c287a8d0bbde48b5e2f1a263"

string-width@^2.0.0, string-width@^2.1.1:
  version "2.1.1"
  resolved "http://registry.npm.taobao.org/string-width/download/string-width-2.1.1.tgz#ab93f27a8dc13d28cac815c462143a6d9012ae9e"
  dependencies:
    is-fullwidth-code-point "^2.0.0"
    strip-ansi "^4.0.0"

strip-ansi@^4.0.0:
  version "4.0.0"
  resolved "http://registry.npm.taobao.org/strip-ansi/download/strip-ansi-4.0.0.tgz#a8479022eb1ac368a871389b635262c505ee368f"
  dependencies:
    ansi-regex "^3.0.0"

strip-eof@^1.0.0:
  version "1.0.0"
  resolved "http://registry.npm.taobao.org/strip-eof/download/strip-eof-1.0.0.tgz#bb43ff5598a6eb05d89b59fcd129c983313606bf"

strip-json-comments@~2.0.1:
  version "2.0.1"
  resolved "http://registry.npm.taobao.org/strip-json-comments/download/strip-json-comments-2.0.1.tgz#3c531942e908c2697c0ec344858c286c7ca0a60a"

supports-color@^5.3.0:
  version "5.4.0"
  resolved "http://registry.npm.taobao.org/supports-color/download/supports-color-5.4.0.tgz#1c6b337402c2137605efe19f10fec390f6faab54"
  dependencies:
    has-flag "^3.0.0"

term-size@^1.2.0:
  version "1.2.0"
  resolved "http://registry.npm.taobao.org/term-size/download/term-size-1.2.0.tgz#458b83887f288fc56d6fffbfad262e26638efa69"
  dependencies:
    execa "^0.7.0"

timed-out@^4.0.0:
  version "4.0.1"
  resolved "http://registry.npm.taobao.org/timed-out/download/timed-out-4.0.1.tgz#f32eacac5a175bea25d7fab565ab3ed8741ef56f"

type-check@~0.3.2:
  version "0.3.2"
  resolved "http://registry.npm.taobao.org/type-check/download/type-check-0.3.2.tgz#5884cab512cf1d355e3fb784f30804b2b520db72"
  dependencies:
    prelude-ls "~1.1.2"

uglify-js@3.3.x:
  version "3.3.25"
  resolved "http://registry.npm.taobao.org/uglify-js/download/uglify-js-3.3.25.tgz#3266ccb87c5bea229f69041a0296010d6477d539"
  dependencies:
    commander "~2.15.0"
    source-map "~0.6.1"

ultron@~1.1.0:
  version "1.1.1"
  resolved "http://registry.npm.taobao.org/ultron/download/ultron-1.1.1.tgz#9fe1536a10a664a65266a1e3ccf85fd36302bc9c"

unique-string@^1.0.0:
  version "1.0.0"
  resolved "http://registry.npm.taobao.org/unique-string/download/unique-string-1.0.0.tgz#9e1057cca851abb93398f8b33ae187b99caec11a"
  dependencies:
    crypto-random-string "^1.0.0"

unzip-response@^2.0.1:
  version "2.0.1"
  resolved "http://registry.npm.taobao.org/unzip-response/download/unzip-response-2.0.1.tgz#d2f0f737d16b0615e72a6935ed04214572d56f97"

update-notifier@^2.1.0:
  version "2.5.0"
  resolved "http://registry.npm.taobao.org/update-notifier/download/update-notifier-2.5.0.tgz#d0744593e13f161e406acb1d9408b72cad08aff6"
  dependencies:
    boxen "^1.2.1"
    chalk "^2.0.1"
    configstore "^3.0.0"
    import-lazy "^2.1.0"
    is-ci "^1.0.10"
    is-installed-globally "^0.1.0"
    is-npm "^1.0.0"
    latest-version "^3.0.0"
    semver-diff "^2.0.0"
    xdg-basedir "^3.0.0"

upper-case@^1.1.1:
  version "1.1.3"
  resolved "http://registry.npm.taobao.org/upper-case/download/upper-case-1.1.3.tgz#f6b4501c2ec4cdd26ba78be7222961de77621598"

url-parse-lax@^1.0.0:
  version "1.0.0"
  resolved "http://registry.npm.taobao.org/url-parse-lax/download/url-parse-lax-1.0.0.tgz#7af8f303645e9bd79a272e7a14ac68bc0609da73"
  dependencies:
    prepend-http "^1.0.1"

which@^1.2.9:
  version "1.3.0"
  resolved "http://registry.npm.taobao.org/which/download/which-1.3.0.tgz#ff04bdfc010ee547d780bec38e1ac1c2777d253a"
  dependencies:
    isexe "^2.0.0"

widest-line@^2.0.0:
  version "2.0.0"
  resolved "http://registry.npm.taobao.org/widest-line/download/widest-line-2.0.0.tgz#0142a4e8a243f8882c0233aa0e0281aa76152273"
  dependencies:
    string-width "^2.1.1"

wordwrap@~1.0.0:
  version "1.0.0"
  resolved "http://registry.npm.taobao.org/wordwrap/download/wordwrap-1.0.0.tgz#27584810891456a4171c8d0226441ade90cbcaeb"

write-file-atomic@^2.0.0:
  version "2.3.0"
  resolved "http://registry.npm.taobao.org/write-file-atomic/download/write-file-atomic-2.3.0.tgz#1ff61575c2e2a4e8e510d6fa4e243cce183999ab"
  dependencies:
    graceful-fs "^4.1.11"
    imurmurhash "^0.1.4"
    signal-exit "^3.0.2"

ws@3.3.x:
  version "3.3.3"
  resolved "http://registry.npm.taobao.org/ws/download/ws-3.3.3.tgz#f1cf84fe2d5e901ebce94efaece785f187a228f2"
  dependencies:
    async-limiter "~1.0.0"
    safe-buffer "~5.1.0"
    ultron "~1.1.0"

xdg-basedir@^3.0.0:
  version "3.0.0"
  resolved "http://registry.npm.taobao.org/xdg-basedir/download/xdg-basedir-3.0.0.tgz#496b2cc109eca8dbacfe2dc72b603c17c5870ad4"

yallist@^2.1.2:
  version "2.1.2"
  resolved "http://registry.npm.taobao.org/yallist/download/yallist-2.1.2.tgz#1c11f9218f076089a47dd512f93c6699a6a81d52"
